
Microsoft Visual Studio Solution File, Format Version 12.00
# Visual Studio Version 17
VisualStudioVersion = 17.7.34018.315
MinimumVisualStudioVersion = 10.0.40219.1
Project("{FAE04EC0-301F-11D3-BF4B-00C04F79EFBC}") = "CursorlockTest1", "CursorlockTest1\CursorlockTest1.csproj", "{93F6615C-D0EB-4EF5-B644-E46523F24770}"
EndProject
Global
	GlobalSection(SolutionConfigurationPlatforms) = preSolution
		Debug|Any CPU = Debug|Any CPU
		Release|Any CPU = Release|Any CPU
	EndGlobalSection
	GlobalSection(ProjectConfigurationPlatforms) = postSolution
		{93F6615C-D0EB-4EF5-B644-E46523F24770}.Debug|Any CPU.ActiveCfg = Debug|Any CPU
		{93F6615C-D0EB-4EF5-B644-E46523F24770}.Debug|Any CPU.Build.0 = Debug|Any CPU
		{93F6615C-D0EB-4EF5-B644-E46523F24770}.Release|Any CPU.ActiveCfg = Release|Any CPU
		{93F6615C-D0EB-4EF5-B644-E46523F24770}.Release|Any CPU.Build.0 = Release|Any CPU
	EndGlobalSection
	GlobalSection(SolutionProperties) = preSolution
		HideSolutionNode = FALSE
	EndGlobalSection
	GlobalSection(ExtensibilityGlobals) = postSolution
		SolutionGuid = {A6E04C7C-F465-45B3-9484-D5EA7593D040}
	EndGlobalSection
EndGlobal
